
Microsoft Visual Studio Solution File, Format Version 12.00
# Visual Studio Version 17
VisualStudioVersion = 17.0.31919.166
MinimumVisualStudioVersion = 10.0.40219.1
Project("{FAE04EC0-301F-11D3-BF4B-00C04F79EFBC}") = "WpfApp1", "WpfApp1\WpfApp1.csproj", "{52933DF1-DEA7-4B2E-9D70-545EF5BB333F}"
EndProject
Project("{FAE04EC0-301F-11D3-BF4B-00C04F79EFBC}") = "WhiteBox", "WhiteBox\WhiteBox.csproj", "{4EC7A3FA-8099-41D4-A53C-4826C863A405}"
EndProject
Global
	GlobalSection(SolutionConfigurationPlatforms) = preSolution
		Debug|Any CPU = Debug|Any CPU
		Release|Any CPU = Release|Any CPU
	EndGlobalSection
	GlobalSection(ProjectConfigurationPlatforms) = postSolution
		{52933DF1-DEA7-4B2E-9D70-545EF5BB333F}.Debug|Any CPU.ActiveCfg = Debug|Any CPU
		{52933DF1-DEA7-4B2E-9D70-545EF5BB333F}.Debug|Any CPU.Build.0 = Debug|Any CPU
		{52933DF1-DEA7-4B2E-9D70-545EF5BB333F}.Release|Any CPU.ActiveCfg = Release|Any CPU
		{52933DF1-DEA7-4B2E-9D70-545EF5BB333F}.Release|Any CPU.Build.0 = Release|Any CPU
		{4EC7A3FA-8099-41D4-A53C-4826C863A405}.Debug|Any CPU.ActiveCfg = Debug|Any CPU
		{4EC7A3FA-8099-41D4-A53C-4826C863A405}.Debug|Any CPU.Build.0 = Debug|Any CPU
		{4EC7A3FA-8099-41D4-A53C-4826C863A405}.Release|Any CPU.ActiveCfg = Release|Any CPU
		{4EC7A3FA-8099-41D4-A53C-4826C863A405}.Release|Any CPU.Build.0 = Release|Any CPU
	EndGlobalSection
	GlobalSection(SolutionProperties) = preSolution
		HideSolutionNode = FALSE
	EndGlobalSection
	GlobalSection(ExtensibilityGlobals) = postSolution
		SolutionGuid = {E209961C-561A-4353-A27A-1BFD1E0AA9E3}
	EndGlobalSection
EndGlobal
